
Microsoft Visual Studio Solution File, Format Version 12.00
# Visual Studio Version 16
VisualStudioVersion = 16.0.30413.136
MinimumVisualStudioVersion = 10.0.40219.1
Project("{FAE04EC0-301F-11D3-BF4B-00C04F79EFBC}") = "Portable-DoS", "Portable-DoS.csproj", "{723E10E1-3472-4144-8241-D3EEFE6B8EC8}"
EndProject
Global
	GlobalSection(SolutionConfigurationPlatforms) = preSolution
		Debug|Any CPU = Debug|Any CPU
		Release|Any CPU = Release|Any CPU
	EndGlobalSection
	GlobalSection(ProjectConfigurationPlatforms) = postSolution
		{723E10E1-3472-4144-8241-D3EEFE6B8EC8}.Debug|Any CPU.ActiveCfg = Debug|Any CPU
		{723E10E1-3472-4144-8241-D3EEFE6B8EC8}.Debug|Any CPU.Build.0 = Debug|Any CPU
		{723E10E1-3472-4144-8241-D3EEFE6B8EC8}.Release|Any CPU.ActiveCfg = Release|Any CPU
		{723E10E1-3472-4144-8241-D3EEFE6B8EC8}.Release|Any CPU.Build.0 = Release|Any CPU
	EndGlobalSection
	GlobalSection(SolutionProperties) = preSolution
		HideSolutionNode = FALSE
	EndGlobalSection
	GlobalSection(ExtensibilityGlobals) = postSolution
		SolutionGuid = {DEF40858-B386-4E5C-AC41-5DDA58802FF3}
	EndGlobalSection
EndGlobal
